<?xml version="1.0" encoding="utf-8"?>
<Project ToolsVersion="4.0" xmlns="http://schemas.microsoft.com/developer/msbuild/2003">
  <ItemGroup>
    <Filter Include="Source Files">
      <UniqueIdentifier>{4FC737F1-C7A5-4376-A066-2A32D752A2FF}</UniqueIdentifier>
      <Extensions>cpp;c;cc;cxx;c++;cppm;ixx;def;odl;idl;hpj;bat;asm;asmx</Extensions>
    </Filter>
    <Filter Include="Header Files">
      <UniqueIdentifier>{93995380-89BD-4b04-88EB-625FBE52EBFB}</UniqueIdentifier>
      <Extensions>h;hh;hpp;hxx;h++;hm;inl;inc;ipp;xsd</Extensions>
    </Filter>
    <Filter Include="Resource Files">
      <UniqueIdentifier>{67DA6AB6-F800-4c08-8B7A-83BB121AAD01}</UniqueIdentifier>
      <Extensions>rc;ico;cur;bmp;dlg;rc2;rct;bin;rgs;gif;jpg;jpeg;jpe;resx;tiff;tif;png;wav;mfcribbon-ms</Extensions>
    </Filter>
  </ItemGroup>
  <ItemGroup>
    <ClCompile Include="Consumer.cpp">
      <Filter>Source Files</Filter>
    </ClCompile>
    <ClCompile Include="src\FCMEngine.cpp">
      <Filter>Source Files</Filter>
    </ClCompile>
    <ClCompile Include="src\ReportManager.cpp">
      <Filter>Source Files</Filter>
    </ClCompile>
    <ClCompile Include="src\StaticDataManager.cpp">
      <Filter>Source Files</Filter>
    </ClCompile>
    <ClCompile Include="src\DBBulkInserter.cpp">
      <Filter>Source Files</Filter>
    </ClCompile>
    <ClCompile Include="src\DbDataAdapter.cpp">
      <Filter>Source Files</Filter>
    </ClCompile>
    <ClCompile Include="src\FeeModule.cpp">
      <Filter>Source Files</Filter>
    </ClCompile>
    <ClCompile Include="src\FeeComissionManager.cpp">
      <Filter>Source Files</Filter>
    </ClCompile>
    <ClCompile Include="src\FeeCommissionStore.cpp">
      <Filter>Source Files</Filter>
    </ClCompile>
    <ClCompile Include="src\AccountsStore.cpp">
      <Filter>Source Files</Filter>
    </ClCompile>
    <ClCompile Include="src\MethodInvoker.cpp">
      <Filter>Source Files</Filter>
    </ClCompile>
    <ClCompile Include="src\RawMethod.cpp">
      <Filter>Source Files</Filter>
    </ClCompile>
    <ClCompile Include="src\TieredMethod.cpp">
      <Filter>Source Files</Filter>
    </ClCompile>
    <ClCompile Include="src\TabularMethod.cpp">
      <Filter>Source Files</Filter>
    </ClCompile>
    <ClCompile Include="src\CLIManager.cpp">
      <Filter>Source Files</Filter>
    </ClCompile>
    <ClCompile Include="src\CliModule.cpp">
      <Filter>Source Files</Filter>
    </ClCompile>
    <ClCompile Include="src\SymbolStore.cpp">
      <Filter>Source Files</Filter>
    </ClCompile>
    <ClCompile Include="src\HolidayAdapter.cpp">
      <Filter>Source Files</Filter>
    </ClCompile>
    <ClCompile Include="src\HolidayStore.cpp">
      <Filter>Source Files</Filter>
    </ClCompile>
    <ClCompile Include="src\APIAdapter.cpp">
      <Filter>Source Files</Filter>
    </ClCompile>
    <ClCompile Include="src\PlanExecutorStore.cpp">
      <Filter>Source Files</Filter>
    </ClCompile>
    <ClCompile Include="src\PlanSelector.cpp">
      <Filter>Source Files</Filter>
    </ClCompile>
    <ClCompile Include="src\PerExecutionPlanExecutor.cpp">
      <Filter>Source Files</Filter>
    </ClCompile>
    <ClCompile Include="src\PerOrderPlanExecutor.cpp">
      <Filter>Source Files</Filter>
    </ClCompile>
    <ClCompile Include="src\PerSymbolPlanExecutor.cpp">
      <Filter>Source Files</Filter>
    </ClCompile>
    <ClCompile Include="src\CodedMethod.cpp">
      <Filter>Source Files</Filter>
    </ClCompile>
    <ClCompile Include="src\TradeFeePlanExecutor.cpp">
      <Filter>Source Files</Filter>
    </ClCompile>
    <ClCompile Include="src\HttpClient.cpp">
      <Filter>Source Files</Filter>
    </ClCompile>
  </ItemGroup>
  <ItemGroup>
    <ClInclude Include="FeeModule\DBLpp\include\common.h">
      <Filter>Header Files</Filter>
    </ClInclude>
    <ClInclude Include="FeeModule\AccountsStore.h">
      <Filter>Header Files</Filter>
    </ClInclude>
    <ClInclude Include="FeeModule\APIAdapter.h">
      <Filter>Header Files</Filter>
    </ClInclude>
    <ClInclude Include="FeeModule\businessObjects.h">
      <Filter>Header Files</Filter>
    </ClInclude>
    <ClInclude Include="FeeModule\CLIManager.h">
      <Filter>Header Files</Filter>
    </ClInclude>
    <ClInclude Include="FeeModule\CliModule.h">
      <Filter>Header Files</Filter>
    </ClInclude>
    <ClInclude Include="FeeModule\CodedMethod.h">
      <Filter>Header Files</Filter>
    </ClInclude>
    <ClInclude Include="FeeModule\Common.h">
      <Filter>Header Files</Filter>
    </ClInclude>
    <ClInclude Include="FeeModule\DBBulkInserter.h">
      <Filter>Header Files</Filter>
    </ClInclude>
    <ClInclude Include="FeeModule\DbDataAdapter.h">
      <Filter>Header Files</Filter>
    </ClInclude>
    <ClInclude Include="FeeModule\FCMEngine.h">
      <Filter>Header Files</Filter>
    </ClInclude>
    <ClInclude Include="FeeModule\FeeComissionManager.h">
      <Filter>Header Files</Filter>
    </ClInclude>
    <ClInclude Include="FeeModule\FeeCommissionStore.h">
      <Filter>Header Files</Filter>
    </ClInclude>
    <ClInclude Include="FeeModule\FeeModule.h">
      <Filter>Header Files</Filter>
    </ClInclude>
    <ClInclude Include="FeeModule\FeePlanExecutor.h">
      <Filter>Header Files</Filter>
    </ClInclude>
    <ClInclude Include="FeeModule\framework.h">
      <Filter>Header Files</Filter>
    </ClInclude>
    <ClInclude Include="FeeModule\HolidayAdapter.h">
      <Filter>Header Files</Filter>
    </ClInclude>
    <ClInclude Include="FeeModule\HolidayStore.h">
      <Filter>Header Files</Filter>
    </ClInclude>
    <ClInclude Include="FeeModule\HttpClient.h">
      <Filter>Header Files</Filter>
    </ClInclude>
    <ClInclude Include="FeeModule\IniParser.h">
      <Filter>Header Files</Filter>
    </ClInclude>
    <ClInclude Include="FeeModule\MethodInvoker.h">
      <Filter>Header Files</Filter>
    </ClInclude>
    <ClInclude Include="FeeModule\ParsingException.h">
      <Filter>Header Files</Filter>
    </ClInclude>
    <ClInclude Include="FeeModule\pch.h">
      <Filter>Header Files</Filter>
    </ClInclude>
    <ClInclude Include="FeeModule\PerExecutionPlanExecutor.h">
      <Filter>Header Files</Filter>
    </ClInclude>
    <ClInclude Include="FeeModule\PerOrderPlanExecutor.h">
      <Filter>Header Files</Filter>
    </ClInclude>
    <ClInclude Include="FeeModule\PerSymbolPlanExecutor.h">
      <Filter>Header Files</Filter>
    </ClInclude>
    <ClInclude Include="FeeModule\PlanExecutorStore.h">
      <Filter>Header Files</Filter>
    </ClInclude>
    <ClInclude Include="FeeModule\PlanSelector.h">
      <Filter>Header Files</Filter>
    </ClInclude>
    <ClInclude Include="FeeModule\RawMethod.h">
      <Filter>Header Files</Filter>
    </ClInclude>
    <ClInclude Include="FeeModule\ReportManager.h">
      <Filter>Header Files</Filter>
    </ClInclude>
    <ClInclude Include="FeeModule\StaticDataManager.h">
      <Filter>Header Files</Filter>
    </ClInclude>
    <ClInclude Include="FeeModule\SymbolStore.h">
      <Filter>Header Files</Filter>
    </ClInclude>
    <ClInclude Include="FeeModule\TabularMethod.h">
      <Filter>Header Files</Filter>
    </ClInclude>
    <ClInclude Include="FeeModule\TieredMethod.h">
      <Filter>Header Files</Filter>
    </ClInclude>
    <ClInclude Include="FeeModule\TradeFeePlanExecutor.h">
      <Filter>Header Files</Filter>
    </ClInclude>
    <ClInclude Include="FeeModule\Utility.h">
      <Filter>Header Files</Filter>
    </ClInclude>
  </ItemGroup>
  <ItemGroup>
    <None Include="packages.config" />
  </ItemGroup>
</Project>